// !$*UTF8*$!
{
	archiveVersion = 1;
	classes = {
	};
	objectVersion = 48;
	objects = {

/* Begin PBXBuildFile section */
		4D805D6D85EC333489FF383C /* libPods-DemoB.a in Frameworks */ = {isa = PBXBuildFile; fileRef = 5484DB0DF93A44008EFDA0C4 /* libPods-DemoB.a */; };
		DF3080B61FD514F00021FB1F /* BlockViewController.m in Sources */ = {isa = PBXBuildFile; fileRef = DF3080B51FD514F00021FB1F /* BlockViewController.m */; };
		DF870FD31FC2B64700125498 /* AppDelegate.m in Sources */ = {isa = PBXBuildFile; fileRef = DF870FD21FC2B64700125498 /* AppDelegate.m */; };
		DF870FD61FC2B64700125498 /* ViewController.m in Sources */ = {isa = PBXBuildFile; fileRef = DF870FD51FC2B64700125498 /* ViewController.m */; };
		DF870FDB1FC2B64700125498 /* Assets.xcassets in Resources */ = {isa = PBXBuildFile; fileRef = DF870FDA1FC2B64700125498 /* Assets.xcassets */; };
		DF870FDE1FC2B64700125498 /* LaunchScreen.storyboard in Resources */ = {isa = PBXBuildFile; fileRef = DF870FDC1FC2B64700125498 /* LaunchScreen.storyboard */; };
		DF870FE11FC2B64700125498 /* main.m in Sources */ = {isa = PBXBuildFile; fileRef = DF870FE01FC2B64700125498 /* main.m */; };
		DF870FEB1FC2B64700125498 /* DemoBTests.m in Sources */ = {isa = PBXBuildFile; fileRef = DF870FEA1FC2B64700125498 /* DemoBTests.m */; };
		DF870FF61FC2B64700125498 /* DemoBUITests.m in Sources */ = {isa = PBXBuildFile; fileRef = DF870FF51FC2B64700125498 /* DemoBUITests.m */; };
		DFF8A9561FD13609009A2B23 /* UIView+KBCategory.m in Sources */ = {isa = PBXBuildFile; fileRef = DFF8A9551FD13609009A2B23 /* UIView+KBCategory.m */; };
		DFF8A95A1FD1361E009A2B23 /* UIView+KBCategory.m in Sources */ = {isa = PBXBuildFile; fileRef = DFF8A9581FD1361E009A2B23 /* UIView+KBCategory.m */; };
		DFFD86C61FCE58C200B140AB /* Main.storyboard in Resources */ = {isa = PBXBuildFile; fileRef = DFFD86C51FCE58C200B140AB /* Main.storyboard */; };
/* End PBXBuildFile section */

/* Begin PBXContainerItemProxy section */
		DF870FE71FC2B64700125498 /* PBXContainerItemProxy */ = {
			isa = PBXContainerItemProxy;
			containerPortal = DF870FC61FC2B64700125498 /* Project object */;
			proxyType = 1;
			remoteGlobalIDString = DF870FCD1FC2B64700125498;
			remoteInfo = DemoB;
		};
		DF870FF21FC2B64700125498 /* PBXContainerItemProxy */ = {
			isa = PBXContainerItemProxy;
			containerPortal = DF870FC61FC2B64700125498 /* Project object */;
			proxyType = 1;
			remoteGlobalIDString = DF870FCD1FC2B64700125498;
			remoteInfo = DemoB;
		};
/* End PBXContainerItemProxy section */

/* Begin PBXFileReference section */
		4BDF3BD6A5046A7BF436DB7F /* Pods-DemoB.debug.xcconfig */ = {isa = PBXFileReference; includeInIndex = 1; lastKnownFileType = text.xcconfig; name = "Pods-DemoB.debug.xcconfig"; path = "Pods/Target Support Files/Pods-DemoB/Pods-DemoB.debug.xcconfig"; sourceTree = "<group>"; };
		5484DB0DF93A44008EFDA0C4 /* libPods-DemoB.a */ = {isa = PBXFileReference; explicitFileType = archive.ar; includeInIndex = 0; path = "libPods-DemoB.a"; sourceTree = BUILT_PRODUCTS_DIR; };
		66165851352089D9963484AA /* Pods-DemoB.release.xcconfig */ = {isa = PBXFileReference; includeInIndex = 1; lastKnownFileType = text.xcconfig; name = "Pods-DemoB.release.xcconfig"; path = "Pods/Target Support Files/Pods-DemoB/Pods-DemoB.release.xcconfig"; sourceTree = "<group>"; };
		DF3080B41FD514F00021FB1F /* BlockViewController.h */ = {isa = PBXFileReference; fileEncoding = 4; lastKnownFileType = sourcecode.c.h; path = BlockViewController.h; sourceTree = "<group>"; };
		DF3080B51FD514F00021FB1F /* BlockViewController.m */ = {isa = PBXFileReference; fileEncoding = 4; lastKnownFileType = sourcecode.c.objc; path = BlockViewController.m; sourceTree = "<group>"; };
		DF870FCE1FC2B64700125498 /* DemoB.app */ = {isa = PBXFileReference; explicitFileType = wrapper.application; includeInIndex = 0; path = DemoB.app; sourceTree = BUILT_PRODUCTS_DIR; };
		DF870FD11FC2B64700125498 /* AppDelegate.h */ = {isa = PBXFileReference; lastKnownFileType = sourcecode.c.h; path = AppDelegate.h; sourceTree = "<group>"; };
		DF870FD21FC2B64700125498 /* AppDelegate.m */ = {isa = PBXFileReference; lastKnownFileType = sourcecode.c.objc; path = AppDelegate.m; sourceTree = "<group>"; };
		DF870FD41FC2B64700125498 /* ViewController.h */ = {isa = PBXFileReference; lastKnownFileType = sourcecode.c.h; path = ViewController.h; sourceTree = "<group>"; };
		DF870FD51FC2B64700125498 /* ViewController.m */ = {isa = PBXFileReference; lastKnownFileType = sourcecode.c.objc; path = ViewController.m; sourceTree = "<group>"; };
		DF870FDA1FC2B64700125498 /* Assets.xcassets */ = {isa = PBXFileReference; lastKnownFileType = folder.assetcatalog; path = Assets.xcassets; sourceTree = "<group>"; };
		DF870FDD1FC2B64700125498 /* Base */ = {isa = PBXFileReference; lastKnownFileType = file.storyboard; name = Base; path = Base.lproj/LaunchScreen.storyboard; sourceTree = "<group>"; };
		DF870FDF1FC2B64700125498 /* Info.plist */ = {isa = PBXFileReference; lastKnownFileType = text.plist.xml; path = Info.plist; sourceTree = "<group>"; };
		DF870FE01FC2B64700125498 /* main.m */ = {isa = PBXFileReference; lastKnownFileType = sourcecode.c.objc; path = main.m; sourceTree = "<group>"; };
		DF870FE61FC2B64700125498 /* DemoBTests.xctest */ = {isa = PBXFileReference; explicitFileType = wrapper.cfbundle; includeInIndex = 0; path = DemoBTests.xctest; sourceTree = BUILT_PRODUCTS_DIR; };
		DF870FEA1FC2B64700125498 /* DemoBTests.m */ = {isa = PBXFileReference; lastKnownFileType = sourcecode.c.objc; path = DemoBTests.m; sourceTree = "<group>"; };
		DF870FEC1FC2B64700125498 /* Info.plist */ = {isa = PBXFileReference; lastKnownFileType = text.plist.xml; path = Info.plist; sourceTree = "<group>"; };
		DF870FF11FC2B64700125498 /* DemoBUITests.xctest */ = {isa = PBXFileReference; explicitFileType = wrapper.cfbundle; includeInIndex = 0; path = DemoBUITests.xctest; sourceTree = BUILT_PRODUCTS_DIR; };
		DF870FF51FC2B64700125498 /* DemoBUITests.m */ = {isa = PBXFileReference; lastKnownFileType = sourcecode.c.objc; path = DemoBUITests.m; sourceTree = "<group>"; };
		DF870FF71FC2B64700125498 /* Info.plist */ = {isa = PBXFileReference; lastKnownFileType = text.plist.xml; path = Info.plist; sourceTree = "<group>"; };
		DFF8A9551FD13609009A2B23 /* UIView+KBCategory.m */ = {isa = PBXFileReference; fileEncoding = 4; lastKnownFileType = sourcecode.c.objc; name = "UIView+KBCategory.m"; path = "KBTool/UIView+KBCategory.m"; sourceTree = SOURCE_ROOT; };
		DFF8A9581FD1361E009A2B23 /* UIView+KBCategory.m */ = {isa = PBXFileReference; fileEncoding = 4; lastKnownFileType = sourcecode.c.objc; path = "UIView+KBCategory.m"; sourceTree = "<group>"; };
		DFF8A9591FD1361E009A2B23 /* UIView+KBCategory.h */ = {isa = PBXFileReference; fileEncoding = 4; lastKnownFileType = sourcecode.c.h; path = "UIView+KBCategory.h"; sourceTree = "<group>"; };
		DFFD86C51FCE58C200B140AB /* Main.storyboard */ = {isa = PBXFileReference; fileEncoding = 4; lastKnownFileType = file.storyboard; path = Main.storyboard; sourceTree = "<group>"; };
/* End PBXFileReference section */

/* Begin PBXFrameworksBuildPhase section */
		DF870FCB1FC2B64700125498 /* Frameworks */ = {
			isa = PBXFrameworksBuildPhase;
			buildActionMask = 2147483647;
			files = (
				4D805D6D85EC333489FF383C /* libPods-DemoB.a in Frameworks */,
			);
			runOnlyForDeploymentPostprocessing = 0;
		};
		DF870FE31FC2B64700125498 /* Frameworks */ = {
			isa = PBXFrameworksBuildPhase;
			buildActionMask = 2147483647;
			files = (
			);
			runOnlyForDeploymentPostprocessing = 0;
		};
		DF870FEE1FC2B64700125498 /* Frameworks */ = {
			isa = PBXFrameworksBuildPhase;
			buildActionMask = 2147483647;
			files = (
			);
			runOnlyForDeploymentPostprocessing = 0;
		};
/* End PBXFrameworksBuildPhase section */

/* Begin PBXGroup section */
		4B3D868EFAF29C0FDC644D78 /* Pods */ = {
			isa = PBXGroup;
			children = (
				4BDF3BD6A5046A7BF436DB7F /* Pods-DemoB.debug.xcconfig */,
				66165851352089D9963484AA /* Pods-DemoB.release.xcconfig */,
			);
			name = Pods;
			sourceTree = "<group>";
		};
		96F90DEA1411FB81EF0F11AC /* Frameworks */ = {
			isa = PBXGroup;
			children = (
				5484DB0DF93A44008EFDA0C4 /* libPods-DemoB.a */,
			);
			name = Frameworks;
			sourceTree = "<group>";
		};
		DF870FC51FC2B64700125498 = {
			isa = PBXGroup;
			children = (
				DFF8A9571FD1361E009A2B23 /* KBTool */,
				DF870FD01FC2B64700125498 /* DemoB */,
				DF870FE91FC2B64700125498 /* DemoBTests */,
				DF870FF41FC2B64700125498 /* DemoBUITests */,
				DF870FCF1FC2B64700125498 /* Products */,
				4B3D868EFAF29C0FDC644D78 /* Pods */,
				96F90DEA1411FB81EF0F11AC /* Frameworks */,
			);
			sourceTree = "<group>";
		};
		DF870FCF1FC2B64700125498 /* Products */ = {
			isa = PBXGroup;
			children = (
				DF870FCE1FC2B64700125498 /* DemoB.app */,
				DF870FE61FC2B64700125498 /* DemoBTests.xctest */,
				DF870FF11FC2B64700125498 /* DemoBUITests.xctest */,
			);
			name = Products;
			sourceTree = "<group>";
		};
		DF870FD01FC2B64700125498 /* DemoB */ = {
			isa = PBXGroup;
			children = (
				DF870FD11FC2B64700125498 /* AppDelegate.h */,
				DF870FD21FC2B64700125498 /* AppDelegate.m */,
				DF870FD41FC2B64700125498 /* ViewController.h */,
				DF870FD51FC2B64700125498 /* ViewController.m */,
				DF3080B41FD514F00021FB1F /* BlockViewController.h */,
				DF3080B51FD514F00021FB1F /* BlockViewController.m */,
				DFF8A9551FD13609009A2B23 /* UIView+KBCategory.m */,
				DFFD86C51FCE58C200B140AB /* Main.storyboard */,
				DF870FDA1FC2B64700125498 /* Assets.xcassets */,
				DF870FDC1FC2B64700125498 /* LaunchScreen.storyboard */,
				DF870FDF1FC2B64700125498 /* Info.plist */,
				DF870FE01FC2B64700125498 /* main.m */,
			);
			path = DemoB;
			sourceTree = "<group>";
		};
		DF870FE91FC2B64700125498 /* DemoBTests */ = {
			isa = PBXGroup;
			children = (
				DF870FEA1FC2B64700125498 /* DemoBTests.m */,
				DF870FEC1FC2B64700125498 /* Info.plist */,
			);
			path = DemoBTests;
			sourceTree = "<group>";
		};
		DF870FF41FC2B64700125498 /* DemoBUITests */ = {
			isa = PBXGroup;
			children = (
				DF870FF51FC2B64700125498 /* DemoBUITests.m */,
				DF870FF71FC2B64700125498 /* Info.plist */,
			);
			path = DemoBUITests;
			sourceTree = "<group>";
		};
		DFF8A9571FD1361E009A2B23 /* KBTool */ = {
			isa = PBXGroup;
			children = (
				DFF8A9581FD1361E009A2B23 /* UIView+KBCategory.m */,
				DFF8A9591FD1361E009A2B23 /* UIView+KBCategory.h */,
			);
			path = KBTool;
			sourceTree = "<group>";
		};
/* End PBXGroup section */

/* Begin PBXNativeTarget section */
		DF870FCD1FC2B64700125498 /* DemoB */ = {
			isa = PBXNativeTarget;
			buildConfigurationList = DF870FFA1FC2B64700125498 /* Build configuration list for PBXNativeTarget "DemoB" */;
			buildPhases = (
				1ADCE08BEB36D95D2C4356F1 /* [CP] Check Pods Manifest.lock */,
				DF870FCA1FC2B64700125498 /* Sources */,
				DF870FCB1FC2B64700125498 /* Frameworks */,
				DF870FCC1FC2B64700125498 /* Resources */,
				7D7A17DBE4479F85AD13F345 /* [CP] Embed Pods Frameworks */,
				C52EA1E51B40B173F114077C /* [CP] Copy Pods Resources */,
			);
			buildRules = (
			);
			dependencies = (
			);
			name = DemoB;
			productName = DemoB;
			productReference = DF870FCE1FC2B64700125498 /* DemoB.app */;
			productType = "com.apple.product-type.application";
		};
		DF870FE51FC2B64700125498 /* DemoBTests */ = {
			isa = PBXNativeTarget;
			buildConfigurationList = DF870FFD1FC2B64700125498 /* Build configuration list for PBXNativeTarget "DemoBTests" */;
			buildPhases = (
				DF870FE21FC2B64700125498 /* Sources */,
				DF870FE31FC2B64700125498 /* Frameworks */,
				DF870FE41FC2B64700125498 /* Resources */,
			);
			buildRules = (
			);
			dependencies = (
				DF870FE81FC2B64700125498 /* PBXTargetDependency */,
			);
			name = DemoBTests;
			productName = DemoBTests;
			productReference = DF870FE61FC2B64700125498 /* DemoBTests.xctest */;
			productType = "com.apple.product-type.bundle.unit-test";
		};
		DF870FF01FC2B64700125498 /* DemoBUITests */ = {
			isa = PBXNativeTarget;
			buildConfigurationList = DF8710001FC2B64700125498 /* Build configuration list for PBXNativeTarget "DemoBUITests" */;
			buildPhases = (
				DF870FED1FC2B64700125498 /* Sources */,
				DF870FEE1FC2B64700125498 /* Frameworks */,
				DF870FEF1FC2B64700125498 /* Resources */,
			);
			buildRules = (
			);
			dependencies = (
				DF870FF31FC2B64700125498 /* PBXTargetDependency */,
			);
			name = DemoBUITests;
			productName = DemoBUITests;
			productReference = DF870FF11FC2B64700125498 /* DemoBUITests.xctest */;
			productType = "com.apple.product-type.bundle.ui-testing";
		};
/* End PBXNativeTarget section */

/* Begin PBXProject section */
		DF870FC61FC2B64700125498 /* Project object */ = {
			isa = PBXProject;
			attributes = {
				LastUpgradeCheck = 0910;
				ORGANIZATIONNAME = kangbinbin;
				TargetAttributes = {
					DF870FCD1FC2B64700125498 = {
						CreatedOnToolsVersion = 9.1;
						ProvisioningStyle = Automatic;
					};
					DF870FE51FC2B64700125498 = {
						CreatedOnToolsVersion = 9.1;
						ProvisioningStyle = Automatic;
						TestTargetID = DF870FCD1FC2B64700125498;
					};
					DF870FF01FC2B64700125498 = {
						CreatedOnToolsVersion = 9.1;
						ProvisioningStyle = Automatic;
						TestTargetID = DF870FCD1FC2B64700125498;
					};
				};
			};
			buildConfigurationList = DF870FC91FC2B64700125498 /* Build configuration list for PBXProject "DemoB" */;
			compatibilityVersion = "Xcode 8.0";
			developmentRegion = en;
			hasScannedForEncodings = 0;
			knownRegions = (
				en,
				Base,
			);
			mainGroup = DF870FC51FC2B64700125498;
			productRefGroup = DF870FCF1FC2B64700125498 /* Products */;
			projectDirPath = "";
			projectRoot = "";
			targets = (
				DF870FCD1FC2B64700125498 /* DemoB */,
				DF870FE51FC2B64700125498 /* DemoBTests */,
				DF870FF01FC2B64700125498 /* DemoBUITests */,
			);
		};
/* End PBXProject section */

/* Begin PBXResourcesBuildPhase section */
		DF870FCC1FC2B64700125498 /* Resources */ = {
			isa = PBXResourcesBuildPhase;
			buildActionMask = 2147483647;
			files = (
				DFFD86C61FCE58C200B140AB /* Main.storyboard in Resources */,
				DF870FDE1FC2B64700125498 /* LaunchScreen.storyboard in Resources */,
				DF870FDB1FC2B64700125498 /* Assets.xcassets in Resources */,
			);
			runOnlyForDeploymentPostprocessing = 0;
		};
		DF870FE41FC2B64700125498 /* Resources */ = {
			isa = PBXResourcesBuildPhase;
			buildActionMask = 2147483647;
			files = (
			);
			runOnlyForDeploymentPostprocessing = 0;
		};
		DF870FEF1FC2B64700125498 /* Resources */ = {
			isa = PBXResourcesBuildPhase;
			buildActionMask = 2147483647;
			files = (
			);
			runOnlyForDeploymentPostprocessing = 0;
		};
/* End PBXResourcesBuildPhase section */

/* Begin PBXShellScriptBuildPhase section */
		1ADCE08BEB36D95D2C4356F1 /* [CP] Check Pods Manifest.lock */ = {
			isa = PBXShellScriptBuildPhase;
			buildActionMask = 2147483647;
			files = (
			);
			inputPaths = (
				"${PODS_PODFILE_DIR_PATH}/Podfile.lock",
				"${PODS_ROOT}/Manifest.lock",
			);
			name = "[CP] Check Pods Manifest.lock";
			outputPaths = (
				"$(DERIVED_FILE_DIR)/Pods-DemoB-checkManifestLockResult.txt",
			);
			runOnlyForDeploymentPostprocessing = 0;
			shellPath = /bin/sh;
			shellScript = "diff \"${PODS_PODFILE_DIR_PATH}/Podfile.lock\" \"${PODS_ROOT}/Manifest.lock\" > /dev/null\nif [ $? != 0 ] ; then\n    # print error to STDERR\n    echo \"error: The sandbox is not in sync with the Podfile.lock. Run 'pod install' or update your CocoaPods installation.\" >&2\n    exit 1\nfi\n# This output is used by Xcode 'outputs' to avoid re-running this script phase.\necho \"SUCCESS\" > \"${SCRIPT_OUTPUT_FILE_0}\"\n";
			showEnvVarsInLog = 0;
		};
		7D7A17DBE4479F85AD13F345 /* [CP] Embed Pods Frameworks */ = {
			isa = PBXShellScriptBuildPhase;
			buildActionMask = 2147483647;
			files = (
			);
			inputPaths = (
			);
			name = "[CP] Embed Pods Frameworks";
			outputPaths = (
			);
			runOnlyForDeploymentPostprocessing = 0;
			shellPath = /bin/sh;
			shellScript = "\"${SRCROOT}/Pods/Target Support Files/Pods-DemoB/Pods-DemoB-frameworks.sh\"\n";
			showEnvVarsInLog = 0;
		};
		C52EA1E51B40B173F114077C /* [CP] Copy Pods Resources */ = {
			isa = PBXShellScriptBuildPhase;
			buildActionMask = 2147483647;
			files = (
			);
			inputPaths = (
			);
			name = "[CP] Copy Pods Resources";
			outputPaths = (
			);
			runOnlyForDeploymentPostprocessing = 0;
			shellPath = /bin/sh;
			shellScript = "\"${SRCROOT}/Pods/Target Support Files/Pods-DemoB/Pods-DemoB-resources.sh\"\n";
			showEnvVarsInLog = 0;
		};
/* End PBXShellScriptBuildPhase section */

/* Begin PBXSourcesBuildPhase section */
		DF870FCA1FC2B64700125498 /* Sources */ = {
			isa = PBXSourcesBuildPhase;
			buildActionMask = 2147483647;
			files = (
				DF3080B61FD514F00021FB1F /* BlockViewController.m in Sources */,
				DF870FD61FC2B64700125498 /* ViewController.m in Sources */,
				DFF8A95A1FD1361E009A2B23 /* UIView+KBCategory.m in Sources */,
				DF870FE11FC2B64700125498 /* main.m in Sources */,
				DFF8A9561FD13609009A2B23 /* UIView+KBCategory.m in Sources */,
				DF870FD31FC2B64700125498 /* AppDelegate.m in Sources */,
			);
			runOnlyForDeploymentPostprocessing = 0;
		};
		DF870FE21FC2B64700125498 /* Sources */ = {
			isa = PBXSourcesBuildPhase;
			buildActionMask = 2147483647;
			files = (
				DF870FEB1FC2B64700125498 /* DemoBTests.m in Sources */,
			);
			runOnlyForDeploymentPostprocessing = 0;
		};
		DF870FED1FC2B64700125498 /* Sources */ = {
			isa = PBXSourcesBuildPhase;
			buildActionMask = 2147483647;
			files = (
				DF870FF61FC2B64700125498 /* DemoBUITests.m in Sources */,
			);
			runOnlyForDeploymentPostprocessing = 0;
		};
/* End PBXSourcesBuildPhase section */

/* Begin PBXTargetDependency section */
		DF870FE81FC2B64700125498 /* PBXTargetDependency */ = {
			isa = PBXTargetDependency;
			target = DF870FCD1FC2B64700125498 /* DemoB */;
			targetProxy = DF870FE71FC2B64700125498 /* PBXContainerItemProxy */;
		};
		DF870FF31FC2B64700125498 /* PBXTargetDependency */ = {
			isa = PBXTargetDependency;
			target = DF870FCD1FC2B64700125498 /* DemoB */;
			targetProxy = DF870FF21FC2B64700125498 /* PBXContainerItemProxy */;
		};
/* End PBXTargetDependency section */

/* Begin PBXVariantGroup section */
		DF870FDC1FC2B64700125498 /* LaunchScreen.storyboard */ = {
			isa = PBXVariantGroup;
			children = (
				DF870FDD1FC2B64700125498 /* Base */,
			);
			name = LaunchScreen.storyboard;
			sourceTree = "<group>";
		};
/* End PBXVariantGroup section */

/* Begin XCBuildConfiguration section */
		DF870FF81FC2B64700125498 /* Debug */ = {
			isa = XCBuildConfiguration;
			buildSettings = {
				ALWAYS_SEARCH_USER_PATHS = NO;
				CLANG_ANALYZER_NONNULL = YES;
				CLANG_ANALYZER_NUMBER_OBJECT_CONVERSION = YES_AGGRESSIVE;
				CLANG_CXX_LANGUAGE_STANDARD = "gnu++14";
				CLANG_CXX_LIBRARY = "libc++";
				CLANG_ENABLE_MODULES = YES;
				CLANG_ENABLE_OBJC_ARC = YES;
				CLANG_WARN_BLOCK_CAPTURE_AUTORELEASING = YES;
				CLANG_WARN_BOOL_CONVERSION = YES;
				CLANG_WARN_COMMA = YES;
				CLANG_WARN_CONSTANT_CONVERSION = YES;
				CLANG_WARN_DIRECT_OBJC_ISA_USAGE = YES_ERROR;
				CLANG_WARN_DOCUMENTATION_COMMENTS = YES;
				CLANG_WARN_EMPTY_BODY = YES;
				CLANG_WARN_ENUM_CONVERSION = YES;
				CLANG_WARN_INFINITE_RECURSION = YES;
				CLANG_WARN_INT_CONVERSION = YES;
				CLANG_WARN_NON_LITERAL_NULL_CONVERSION = YES;
				CLANG_WARN_OBJC_LITERAL_CONVERSION = YES;
				CLANG_WARN_OBJC_ROOT_CLASS = YES_ERROR;
				CLANG_WARN_RANGE_LOOP_ANALYSIS = YES;
				CLANG_WARN_STRICT_PROTOTYPES = YES;
				CLANG_WARN_SUSPICIOUS_MOVE = YES;
				CLANG_WARN_UNGUARDED_AVAILABILITY = YES_AGGRESSIVE;
				CLANG_WARN_UNREACHABLE_CODE = YES;
				CLANG_WARN__DUPLICATE_METHOD_MATCH = YES;
				CODE_SIGN_IDENTITY = "iPhone Developer";
				COPY_PHASE_STRIP = NO;
				DEBUG_INFORMATION_FORMAT = dwarf;
				ENABLE_STRICT_OBJC_MSGSEND = YES;
				ENABLE_TESTABILITY = YES;
				GCC_C_LANGUAGE_STANDARD = gnu11;
				GCC_DYNAMIC_NO_PIC = NO;
				GCC_NO_COMMON_BLOCKS = YES;
				GCC_OPTIMIZATION_LEVEL = 0;
				GCC_PREPROCESSOR_DEFINITIONS = (
					"DEBUG=1",
					"$(inherited)",
				);
				GCC_WARN_64_TO_32_BIT_CONVERSION = YES;
				GCC_WARN_ABOUT_RETURN_TYPE = YES_ERROR;
				GCC_WARN_UNDECLARED_SELECTOR = YES;
				GCC_WARN_UNINITIALIZED_AUTOS = YES_AGGRESSIVE;
				GCC_WARN_UNUSED_FUNCTION = YES;
				GCC_WARN_UNUSED_VARIABLE = YES;
				IPHONEOS_DEPLOYMENT_TARGET = 11.1;
				MTL_ENABLE_DEBUG_INFO = YES;
				ONLY_ACTIVE_ARCH = YES;
				SDKROOT = iphoneos;
			};
			name = Debug;
		};
		DF870FF91FC2B64700125498 /* Release */ = {
			isa = XCBuildConfiguration;
			buildSettings = {
				ALWAYS_SEARCH_USER_PATHS = NO;
				CLANG_ANALYZER_NONNULL = YES;
				CLANG_ANALYZER_NUMBER_OBJECT_CONVERSION = YES_AGGRESSIVE;
				CLANG_CXX_LANGUAGE_STANDARD = "gnu++14";
				CLANG_CXX_LIBRARY = "libc++";
				CLANG_ENABLE_MODULES = YES;
				CLANG_ENABLE_OBJC_ARC = YES;
				CLANG_WARN_BLOCK_CAPTURE_AUTORELEASING = YES;
				CLANG_WARN_BOOL_CONVERSION = YES;
				CLANG_WARN_COMMA = YES;
				CLANG_WARN_CONSTANT_CONVERSION = YES;
				CLANG_WARN_DIRECT_OBJC_ISA_USAGE = YES_ERROR;
				CLANG_WARN_DOCUMENTATION_COMMENTS = YES;
				CLANG_WARN_EMPTY_BODY = YES;
				CLANG_WARN_ENUM_CONVERSION = YES;
				CLANG_WARN_INFINITE_RECURSION = YES;
				CLANG_WARN_INT_CONVERSION = YES;
				CLANG_WARN_NON_LITERAL_NULL_CONVERSION = YES;
				CLANG_WARN_OBJC_LITERAL_CONVERSION = YES;
				CLANG_WARN_OBJC_ROOT_CLASS = YES_ERROR;
				CLANG_WARN_RANGE_LOOP_ANALYSIS = YES;
				CLANG_WARN_STRICT_PROTOTYPES = YES;
				CLANG_WARN_SUSPICIOUS_MOVE = YES;
				CLANG_WARN_UNGUARDED_AVAILABILITY = YES_AGGRESSIVE;
				CLANG_WARN_UNREACHABLE_CODE = YES;
				CLANG_WARN__DUPLICATE_METHOD_MATCH = YES;
				CODE_SIGN_IDENTITY = "iPhone Developer";
				COPY_PHASE_STRIP = NO;
				DEBUG_INFORMATION_FORMAT = "dwarf-with-dsym";
				ENABLE_NS_ASSERTIONS = NO;
				ENABLE_STRICT_OBJC_MSGSEND = YES;
				GCC_C_LANGUAGE_STANDARD = gnu11;
				GCC_NO_COMMON_BLOCKS = YES;
				GCC_WARN_64_TO_32_BIT_CONVERSION = YES;
				GCC_WARN_ABOUT_RETURN_TYPE = YES_ERROR;
				GCC_WARN_UNDECLARED_SELECTOR = YES;
				GCC_WARN_UNINITIALIZED_AUTOS = YES_AGGRESSIVE;
				GCC_WARN_UNUSED_FUNCTION = YES;
				GCC_WARN_UNUSED_VARIABLE = YES;
				IPHONEOS_DEPLOYMENT_TARGET = 11.1;
				MTL_ENABLE_DEBUG_INFO = NO;
				SDKROOT = iphoneos;
				VALIDATE_PRODUCT = YES;
			};
			name = Release;
		};
		DF870FFB1FC2B64700125498 /* Debug */ = {
			isa = XCBuildConfiguration;
			baseConfigurationReference = 4BDF3BD6A5046A7BF436DB7F /* Pods-DemoB.debug.xcconfig */;
			buildSettings = {
				ASSETCATALOG_COMPILER_APPICON_NAME = AppIcon;
				CODE_SIGN_STYLE = Automatic;
				DEVELOPMENT_TEAM = H7MXK3CBP5;
				INFOPLIST_FILE = DemoB/Info.plist;
				IPHONEOS_DEPLOYMENT_TARGET = 8.0;
				LD_RUNPATH_SEARCH_PATHS = "$(inherited) @executable_path/Frameworks";
				PRODUCT_BUNDLE_IDENTIFIER = com.vito.newjiazhengDemoB;
				PRODUCT_NAME = "$(TARGET_NAME)";
				TARGETED_DEVICE_FAMILY = 1;
			};
			name = Debug;
		};
		DF870FFC1FC2B64700125498 /* Release */ = {
			isa = XCBuildConfiguration;
			baseConfigurationReference = 66165851352089D9963484AA /* Pods-DemoB.release.xcconfig */;
			buildSettings = {
				ASSETCATALOG_COMPILER_APPICON_NAME = AppIcon;
				CODE_SIGN_STYLE = Automatic;
				DEVELOPMENT_TEAM = H7MXK3CBP5;
				INFOPLIST_FILE = DemoB/Info.plist;
				IPHONEOS_DEPLOYMENT_TARGET = 8.0;
				LD_RUNPATH_SEARCH_PATHS = "$(inherited) @executable_path/Frameworks";
				PRODUCT_BUNDLE_IDENTIFIER = com.vito.newjiazhengDemoB;
				PRODUCT_NAME = "$(TARGET_NAME)";
				TARGETED_DEVICE_FAMILY = 1;
			};
			name = Release;
		};
		DF870FFE1FC2B64700125498 /* Debug */ = {
			isa = XCBuildConfiguration;
			buildSettings = {
				BUNDLE_LOADER = "$(TEST_HOST)";
				CODE_SIGN_STYLE = Automatic;
				INFOPLIST_FILE = DemoBTests/Info.plist;
				LD_RUNPATH_SEARCH_PATHS = "$(inherited) @executable_path/Frameworks @loader_path/Frameworks";
				PRODUCT_BUNDLE_IDENTIFIER = com.vito.newjiazheng.DemoBTests;
				PRODUCT_NAME = "$(TARGET_NAME)";
				TARGETED_DEVICE_FAMILY = "1,2";
				TEST_HOST = "$(BUILT_PRODUCTS_DIR)/DemoB.app/DemoB";
			};
			name = Debug;
		};
		DF870FFF1FC2B64700125498 /* Release */ = {
			isa = XCBuildConfiguration;
			buildSettings = {
				BUNDLE_LOADER = "$(TEST_HOST)";
				CODE_SIGN_STYLE = Automatic;
				INFOPLIST_FILE = DemoBTests/Info.plist;
				LD_RUNPATH_SEARCH_PATHS = "$(inherited) @executable_path/Frameworks @loader_path/Frameworks";
				PRODUCT_BUNDLE_IDENTIFIER = com.vito.newjiazheng.DemoBTests;
				PRODUCT_NAME = "$(TARGET_NAME)";
				TARGETED_DEVICE_FAMILY = "1,2";
				TEST_HOST = "$(BUILT_PRODUCTS_DIR)/DemoB.app/DemoB";
			};
			name = Release;
		};
		DF8710011FC2B64700125498 /* Debug */ = {
			isa = XCBuildConfiguration;
			buildSettings = {
				CODE_SIGN_STYLE = Automatic;
				INFOPLIST_FILE = DemoBUITests/Info.plist;
				LD_RUNPATH_SEARCH_PATHS = "$(inherited) @executable_path/Frameworks @loader_path/Frameworks";
				PRODUCT_BUNDLE_IDENTIFIER = com.vito.newjiazheng.DemoBUITests;
				PRODUCT_NAME = "$(TARGET_NAME)";
				TARGETED_DEVICE_FAMILY = "1,2";
				TEST_TARGET_NAME = DemoB;
			};
			name = Debug;
		};
		DF8710021FC2B64700125498 /* Release */ = {
			isa = XCBuildConfiguration;
			buildSettings = {
				CODE_SIGN_STYLE = Automatic;
				INFOPLIST_FILE = DemoBUITests/Info.plist;
				LD_RUNPATH_SEARCH_PATHS = "$(inherited) @executable_path/Frameworks @loader_path/Frameworks";
				PRODUCT_BUNDLE_IDENTIFIER = com.vito.newjiazheng.DemoBUITests;
				PRODUCT_NAME = "$(TARGET_NAME)";
				TARGETED_DEVICE_FAMILY = "1,2";
				TEST_TARGET_NAME = DemoB;
			};
			name = Release;
		};
/* End XCBuildConfiguration section */

/* Begin XCConfigurationList section */
		DF870FC91FC2B64700125498 /* Build configuration list for PBXProject "DemoB" */ = {
			isa = XCConfigurationList;
			buildConfigurations = (
				DF870FF81FC2B64700125498 /* Debug */,
				DF870FF91FC2B64700125498 /* Release */,
			);
			defaultConfigurationIsVisible = 0;
			defaultConfigurationName = Release;
		};
		DF870FFA1FC2B64700125498 /* Build configuration list for PBXNativeTarget "DemoB" */ = {
			isa = XCConfigurationList;
			buildConfigurations = (
				DF870FFB1FC2B64700125498 /* Debug */,
				DF870FFC1FC2B64700125498 /* Release */,
			);
			defaultConfigurationIsVisible = 0;
			defaultConfigurationName = Release;
		};
		DF870FFD1FC2B64700125498 /* Build configuration list for PBXNativeTarget "DemoBTests" */ = {
			isa = XCConfigurationList;
			buildConfigurations = (
				DF870FFE1FC2B64700125498 /* Debug */,
				DF870FFF1FC2B64700125498 /* Release */,
			);
			defaultConfigurationIsVisible = 0;
			defaultConfigurationName = Release;
		};
		DF8710001FC2B64700125498 /* Build configuration list for PBXNativeTarget "DemoBUITests" */ = {
			isa = XCConfigurationList;
			buildConfigurations = (
				DF8710011FC2B64700125498 /* Debug */,
				DF8710021FC2B64700125498 /* Release */,
			);
			defaultConfigurationIsVisible = 0;
			defaultConfigurationName = Release;
		};
/* End XCConfigurationList section */
	};
	rootObject = DF870FC61FC2B64700125498 /* Project object */;
}
